
Microsoft Visual Studio Solution File, Format Version 12.00
# Visual Studio 15
VisualStudioVersion = 15.0.28010.2046
MinimumVisualStudioVersion = 10.0.40219.1
Project("{9A19103F-16F7-4668-BE54-9A1E7A4F7556}") = "Homeify.Server", "Homeify.Server\Homeify.Server.csproj", "{EC3B71DF-F598-4F80-A25B-68BE5FA03455}"
EndProject
Global
	GlobalSection(SolutionConfigurationPlatforms) = preSolution
		Debug|Any CPU = Debug|Any CPU
		Release|Any CPU = Release|Any CPU
	EndGlobalSection
	GlobalSection(ProjectConfigurationPlatforms) = postSolution
		{EC3B71DF-F598-4F80-A25B-68BE5FA03455}.Debug|Any CPU.ActiveCfg = Debug|Any CPU
		{EC3B71DF-F598-4F80-A25B-68BE5FA03455}.Debug|Any CPU.Build.0 = Debug|Any CPU
		{EC3B71DF-F598-4F80-A25B-68BE5FA03455}.Release|Any CPU.ActiveCfg = Release|Any CPU
		{EC3B71DF-F598-4F80-A25B-68BE5FA03455}.Release|Any CPU.Build.0 = Release|Any CPU
	EndGlobalSection
	GlobalSection(SolutionProperties) = preSolution
		HideSolutionNode = FALSE
	EndGlobalSection
	GlobalSection(ExtensibilityGlobals) = postSolution
		SolutionGuid = {94B06DF1-4EF4-4D61-A6B7-9F48EBCB2091}
	EndGlobalSection
EndGlobal
